
Microsoft Visual Studio Solution File, Format Version 12.00
# Visual Studio Version 17
VisualStudioVersion = 17.8.34316.72
MinimumVisualStudioVersion = 10.0.40219.1
Project("{FAE04EC0-301F-11D3-BF4B-00C04F79EFBC}") = "EastYorkGardenClub.Server", "EastYorkGardenClub.Server\EastYorkGardenClub.Server.csproj", "{10F40C3E-16DD-4751-B941-9E764BD1DEEB}"
EndProject
Project("{54A90642-561A-4BB1-A94E-469ADEE60C69}") = "eastyorkgardenclub.client", "eastyorkgardenclub.client\eastyorkgardenclub.client.esproj", "{E92BE36C-2EAE-44C1-80EC-B92FFB2A4F0C}"
EndProject
Global
	GlobalSection(SolutionConfigurationPlatforms) = preSolution
		Debug|Any CPU = Debug|Any CPU
		Release|Any CPU = Release|Any CPU
	EndGlobalSection
	GlobalSection(ProjectConfigurationPlatforms) = postSolution
		{10F40C3E-16DD-4751-B941-9E764BD1DEEB}.Debug|Any CPU.ActiveCfg = Debug|Any CPU
		{10F40C3E-16DD-4751-B941-9E764BD1DEEB}.Debug|Any CPU.Build.0 = Debug|Any CPU
		{10F40C3E-16DD-4751-B941-9E764BD1DEEB}.Release|Any CPU.ActiveCfg = Release|Any CPU
		{10F40C3E-16DD-4751-B941-9E764BD1DEEB}.Release|Any CPU.Build.0 = Release|Any CPU
		{E92BE36C-2EAE-44C1-80EC-B92FFB2A4F0C}.Debug|Any CPU.ActiveCfg = Debug|Any CPU
		{E92BE36C-2EAE-44C1-80EC-B92FFB2A4F0C}.Debug|Any CPU.Build.0 = Debug|Any CPU
		{E92BE36C-2EAE-44C1-80EC-B92FFB2A4F0C}.Debug|Any CPU.Deploy.0 = Debug|Any CPU
		{E92BE36C-2EAE-44C1-80EC-B92FFB2A4F0C}.Release|Any CPU.ActiveCfg = Release|Any CPU
		{E92BE36C-2EAE-44C1-80EC-B92FFB2A4F0C}.Release|Any CPU.Build.0 = Release|Any CPU
		{E92BE36C-2EAE-44C1-80EC-B92FFB2A4F0C}.Release|Any CPU.Deploy.0 = Release|Any CPU
	EndGlobalSection
	GlobalSection(SolutionProperties) = preSolution
		HideSolutionNode = FALSE
	EndGlobalSection
	GlobalSection(ExtensibilityGlobals) = postSolution
		SolutionGuid = {2CF1B0FF-5D50-45AA-99F7-D7EEF2EBDF57}
	EndGlobalSection
EndGlobal
